
Microsoft Visual Studio Solution File, Format Version 12.00
Project("{FAE04EC0-301F-11D3-BF4B-00C04F79EFBC}") = "ClientVersion2", "ClientVersion2\ClientVersion2.csproj", "{B9987D59-8970-4CCF-AFC1-04F487860520}"
EndProject
Project("{FAE04EC0-301F-11D3-BF4B-00C04F79EFBC}") = "ServerVersion2", "ServerVersion2\ServerVersion2.csproj", "{7C418DC4-6ED7-4F54-AE11-668AB230F21F}"
EndProject
Global
	GlobalSection(SolutionConfigurationPlatforms) = preSolution
		Debug|Any CPU = Debug|Any CPU
		Release|Any CPU = Release|Any CPU
	EndGlobalSection
	GlobalSection(ProjectConfigurationPlatforms) = postSolution
		{B9987D59-8970-4CCF-AFC1-04F487860520}.Debug|Any CPU.ActiveCfg = Debug|Any CPU
		{B9987D59-8970-4CCF-AFC1-04F487860520}.Debug|Any CPU.Build.0 = Debug|Any CPU
		{B9987D59-8970-4CCF-AFC1-04F487860520}.Release|Any CPU.ActiveCfg = Release|Any CPU
		{B9987D59-8970-4CCF-AFC1-04F487860520}.Release|Any CPU.Build.0 = Release|Any CPU
		{7C418DC4-6ED7-4F54-AE11-668AB230F21F}.Debug|Any CPU.ActiveCfg = Debug|Any CPU
		{7C418DC4-6ED7-4F54-AE11-668AB230F21F}.Debug|Any CPU.Build.0 = Debug|Any CPU
		{7C418DC4-6ED7-4F54-AE11-668AB230F21F}.Release|Any CPU.ActiveCfg = Release|Any CPU
		{7C418DC4-6ED7-4F54-AE11-668AB230F21F}.Release|Any CPU.Build.0 = Release|Any CPU
	EndGlobalSection
EndGlobal
